
Microsoft Visual Studio Solution File, Format Version 12.00
# Visual Studio Version 17
VisualStudioVersion = 17.7.34018.315
MinimumVisualStudioVersion = 10.0.40219.1
Project("{FAE04EC0-301F-11D3-BF4B-00C04F79EFBC}") = "ArraysAndLists", "ArraysAndLists.csproj", "{18F248F6-2473-419F-AB15-BBE4E6CAA6D6}"
EndProject
Global
	GlobalSection(SolutionConfigurationPlatforms) = preSolution
		Debug|Any CPU = Debug|Any CPU
		Release|Any CPU = Release|Any CPU
	EndGlobalSection
	GlobalSection(ProjectConfigurationPlatforms) = postSolution
		{18F248F6-2473-419F-AB15-BBE4E6CAA6D6}.Debug|Any CPU.ActiveCfg = Debug|Any CPU
		{18F248F6-2473-419F-AB15-BBE4E6CAA6D6}.Debug|Any CPU.Build.0 = Debug|Any CPU
		{18F248F6-2473-419F-AB15-BBE4E6CAA6D6}.Release|Any CPU.ActiveCfg = Release|Any CPU
		{18F248F6-2473-419F-AB15-BBE4E6CAA6D6}.Release|Any CPU.Build.0 = Release|Any CPU
	EndGlobalSection
	GlobalSection(SolutionProperties) = preSolution
		HideSolutionNode = FALSE
	EndGlobalSection
	GlobalSection(ExtensibilityGlobals) = postSolution
		SolutionGuid = {DAE413D0-F704-4F29-9245-CA5D40FCE0F0}
	EndGlobalSection
EndGlobal
