
Microsoft Visual Studio Solution File, Format Version 12.00
# Visual Studio Version 17
VisualStudioVersion = 17.7.34018.315
MinimumVisualStudioVersion = 10.0.40219.1
Project("{FAE04EC0-301F-11D3-BF4B-00C04F79EFBC}") = "Iteration", "Iteration.csproj", "{A507AB41-38EA-4D43-9843-2B26AE594F4F}"
EndProject
Global
	GlobalSection(SolutionConfigurationPlatforms) = preSolution
		Debug|Any CPU = Debug|Any CPU
		Release|Any CPU = Release|Any CPU
	EndGlobalSection
	GlobalSection(ProjectConfigurationPlatforms) = postSolution
		{A507AB41-38EA-4D43-9843-2B26AE594F4F}.Debug|Any CPU.ActiveCfg = Debug|Any CPU
		{A507AB41-38EA-4D43-9843-2B26AE594F4F}.Debug|Any CPU.Build.0 = Debug|Any CPU
		{A507AB41-38EA-4D43-9843-2B26AE594F4F}.Release|Any CPU.ActiveCfg = Release|Any CPU
		{A507AB41-38EA-4D43-9843-2B26AE594F4F}.Release|Any CPU.Build.0 = Release|Any CPU
	EndGlobalSection
	GlobalSection(SolutionProperties) = preSolution
		HideSolutionNode = FALSE
	EndGlobalSection
	GlobalSection(ExtensibilityGlobals) = postSolution
		SolutionGuid = {34BAF606-AACC-4F1D-87FF-23242068A1E2}
	EndGlobalSection
EndGlobal
